dependencies:
- name: openmrs-backend
  repository: file://../openmrs-backend
  version: 2.2.0
- name: openmrs-frontend
  repository: file://../openmrs-frontend
  version: 2.2.0
- name: seaweedfs
  repository: https://seaweedfs.github.io/seaweedfs/helm
  version: 4.31.0
- name: grafana
  repository: https://grafana.github.io/helm-charts
  version: 10.5.15
- name: loki
  repository: https://grafana.github.io/helm-charts
  version: 6.53.0
- name: alloy
  repository: https://grafana.github.io/helm-charts
  version: 1.6.0
- name: eck-elasticsearch
  repository: https://helm.elastic.co
  version: 0.19.0
digest: sha256:b86f7f1dee8f7d7acb06dae19851b7548d856145cfd8d75e98254ea002a676eb
generated: "2026-08-18T17:59:44.013927143+03:00"
