dependencies:
- name: openmrs-backend
  repository: file://../openmrs-backend
  version: 2.2.0
- name: openmrs-frontend
  repository: file://../openmrs-frontend
  version: 2.2.0
digest: sha256:e57ee0708c9766fbf6329dd432b4fdc8b36430c884b78394e11000772698188d
generated: "2026-08-18T18:00:24.957410074+03:00"
