dependencies:
- name: mariadb
  repository: https://charts.bitnami.com/bitnami
  version: 19.0.5
- name: mariadb-galera
  repository: https://charts.bitnami.com/bitnami
  version: 14.0.12
- name: elasticsearch
  repository: https://charts.bitnami.com/bitnami
  version: 22.0.0
digest: sha256:2dc7f5d6d880f931cb03b3560d5abd25106338ea57323338e5cfdde4953ea45d
generated: "2025-06-25T14:50:12.188088+02:00"
