dependencies:
- name: mariadb
  repository: https://charts.bitnami.com/bitnami
  version: 19.0.5
- name: mariadb-galera
  repository: https://charts.bitnami.com/bitnami
  version: 14.0.12
digest: sha256:3b0f6788748b60a588894948bc058b2cb353580226b85480021a95748839d1c4
generated: "2024-11-12T12:24:41.131545+05:30"
