dependencies:
- name: minio
  repository: oci://registry-1.docker.io/bitnamicharts
  version: 17.0.16
- name: grafana
  repository: https://grafana.github.io/helm-charts
  version: 10.5.15
- name: loki
  repository: https://grafana.github.io/helm-charts
  version: 6.53.0
- name: alloy
  repository: https://grafana.github.io/helm-charts
  version: 1.6.0
- name: eck-elasticsearch
  repository: https://helm.elastic.co
  version: 0.19.0
digest: sha256:9e56f8f6f8ea6468c1257c2f9b46fbe84d88b48e6654ba27c2e41f1c139f0eaa
generated: "2026-06-10T16:31:31.509634374+03:00"
